// !$*UTF8*$!
{
	archiveVersion = 1;
	classes = {
	};
	objectVersion = 46;
	objects = {

/* Begin PBXBuildFile section */
		B129FEBB1D9DDC460098A63E /* AppDelegate.swift in Sources */ = {isa = PBXBuildFile; fileRef = B129FEBA1D9DDC460098A63E /* AppDelegate.swift */; };
		B129FEBD1D9DDC460098A63E /* ViewController.swift in Sources */ = {isa = PBXBuildFile; fileRef = B129FEBC1D9DDC460098A63E /* ViewController.swift */; };
		B129FEC01D9DDC460098A63E /* Main.storyboard in Resources */ = {isa = PBXBuildFile; fileRef = B129FEBE1D9DDC460098A63E /* Main.storyboard */; };
		B129FEC21D9DDC460098A63E /* Assets.xcassets in Resources */ = {isa = PBXBuildFile; fileRef = B129FEC11D9DDC460098A63E /* Assets.xcassets */; };
		B129FEC51D9DDC460098A63E /* LaunchScreen.storyboard in Resources */ = {isa = PBXBuildFile; fileRef = B129FEC31D9DDC460098A63E /* LaunchScreen.storyboard */; };
		B129FED01D9DDC460098A63E /* surveyTests.swift in Sources */ = {isa = PBXBuildFile; fileRef = B129FECF1D9DDC460098A63E /* surveyTests.swift */; };
		B129FEDB1D9DDC460098A63E /* surveyUITests.swift in Sources */ = {isa = PBXBuildFile; fileRef = B129FEDA1D9DDC460098A63E /* surveyUITests.swift */; };
/* End PBXBuildFile section */

/* Begin PBXContainerItemProxy section */
		B129FECC1D9DDC460098A63E /* PBXContainerItemProxy */ = {
			isa = PBXContainerItemProxy;
			containerPortal = B129FEAF1D9DDC460098A63E /* Project object */;
			proxyType = 1;
			remoteGlobalIDString = B129FEB61D9DDC460098A63E;
			remoteInfo = survey;
		};
		B129FED71D9DDC460098A63E /* PBXContainerItemProxy */ = {
			isa = PBXContainerItemProxy;
			containerPortal = B129FEAF1D9DDC460098A63E /* Project object */;
			proxyType = 1;
			remoteGlobalIDString = B129FEB61D9DDC460098A63E;
			remoteInfo = survey;
		};
/* End PBXContainerItemProxy section */

/* Begin PBXFileReference section */
		B129FEB71D9DDC460098A63E /* survey.app */ = {isa = PBXFileReference; explicitFileType = wrapper.application; includeInIndex = 0; path = survey.app; sourceTree = BUILT_PRODUCTS_DIR; };
		B129FEBA1D9DDC460098A63E /* AppDelegate.swift */ = {isa = PBXFileReference; lastKnownFileType = sourcecode.swift; path = AppDelegate.swift; sourceTree = "<group>"; };
		B129FEBC1D9DDC460098A63E /* ViewController.swift */ = {isa = PBXFileReference; lastKnownFileType = sourcecode.swift; path = ViewController.swift; sourceTree = "<group>"; };
		B129FEBF1D9DDC460098A63E /* Base */ = {isa = PBXFileReference; lastKnownFileType = file.storyboard; name = Base; path = Base.lproj/Main.storyboard; sourceTree = "<group>"; };
		B129FEC11D9DDC460098A63E /* Assets.xcassets */ = {isa = PBXFileReference; lastKnownFileType = folder.assetcatalog; path = Assets.xcassets; sourceTree = "<group>"; };
		B129FEC41D9DDC460098A63E /* Base */ = {isa = PBXFileReference; lastKnownFileType = file.storyboard; name = Base; path = Base.lproj/LaunchScreen.storyboard; sourceTree = "<group>"; };
		B129FEC61D9DDC460098A63E /* Info.plist */ = {isa = PBXFileReference; lastKnownFileType = text.plist.xml; path = Info.plist; sourceTree = "<group>"; };
		B129FECB1D9DDC460098A63E /* surveyTests.xctest */ = {isa = PBXFileReference; explicitFileType = wrapper.cfbundle; includeInIndex = 0; path = surveyTests.xctest; sourceTree = BUILT_PRODUCTS_DIR; };
		B129FECF1D9DDC460098A63E /* surveyTests.swift */ = {isa = PBXFileReference; lastKnownFileType = sourcecode.swift; path = surveyTests.swift; sourceTree = "<group>"; };
		B129FED11D9DDC460098A63E /* Info.plist */ = {isa = PBXFileReference; lastKnownFileType = text.plist.xml; path = Info.plist; sourceTree = "<group>"; };
		B129FED61D9DDC460098A63E /* surveyUITests.xctest */ = {isa = PBXFileReference; explicitFileType = wrapper.cfbundle; includeInIndex = 0; path = surveyUITests.xctest; sourceTree = BUILT_PRODUCTS_DIR; };
		B129FEDA1D9DDC460098A63E /* surveyUITests.swift */ = {isa = PBXFileReference; lastKnownFileType = sourcecode.swift; path = surveyUITests.swift; sourceTree = "<group>"; };
		B129FEDC1D9DDC460098A63E /* Info.plist */ = {isa = PBXFileReference; lastKnownFileType = text.plist.xml; path = Info.plist; sourceTree = "<group>"; };
/* End PBXFileReference section */

/* Begin PBXFrameworksBuildPhase section */
		B129FEB41D9DDC460098A63E /* Frameworks */ = {
			isa = PBXFrameworksBuildPhase;
			buildActionMask = 2147483647;
			files = (
			);
			runOnlyForDeploymentPostprocessing = 0;
		};
		B129FEC81D9DDC460098A63E /* Frameworks */ = {
			isa = PBXFrameworksBuildPhase;
			buildActionMask = 2147483647;
			files = (
			);
			runOnlyForDeploymentPostprocessing = 0;
		};
		B129FED31D9DDC460098A63E /* Frameworks */ = {
			isa = PBXFrameworksBuildPhase;
			buildActionMask = 2147483647;
			files = (
			);
			runOnlyForDeploymentPostprocessing = 0;
		};
/* End PBXFrameworksBuildPhase section */

/* Begin PBXGroup section */
		B129FEAE1D9DDC460098A63E = {
			isa = PBXGroup;
			children = (
				B129FEB91D9DDC460098A63E /* survey */,
				B129FECE1D9DDC460098A63E /* surveyTests */,
				B129FED91D9DDC460098A63E /* surveyUITests */,
				B129FEB81D9DDC460098A63E /* Products */,
			);
			sourceTree = "<group>";
		};
		B129FEB81D9DDC460098A63E /* Products */ = {
			isa = PBXGroup;
			children = (
				B129FEB71D9DDC460098A63E /* survey.app */,
				B129FECB1D9DDC460098A63E /* surveyTests.xctest */,
				B129FED61D9DDC460098A63E /* surveyUITests.xctest */,
			);
			name = Products;
			sourceTree = "<group>";
		};
		B129FEB91D9DDC460098A63E /* survey */ = {
			isa = PBXGroup;
			children = (
				B129FEBA1D9DDC460098A63E /* AppDelegate.swift */,
				B129FEBC1D9DDC460098A63E /* ViewController.swift */,
				B129FEBE1D9DDC460098A63E /* Main.storyboard */,
				B129FEC11D9DDC460098A63E /* Assets.xcassets */,
				B129FEC31D9DDC460098A63E /* LaunchScreen.storyboard */,
				B129FEC61D9DDC460098A63E /* Info.plist */,
			);
			path = survey;
			sourceTree = "<group>";
		};
		B129FECE1D9DDC460098A63E /* surveyTests */ = {
			isa = PBXGroup;
			children = (
				B129FECF1D9DDC460098A63E /* surveyTests.swift */,
				B129FED11D9DDC460098A63E /* Info.plist */,
			);
			path = surveyTests;
			sourceTree = "<group>";
		};
		B129FED91D9DDC460098A63E /* surveyUITests */ = {
			isa = PBXGroup;
			children = (
				B129FEDA1D9DDC460098A63E /* surveyUITests.swift */,
				B129FEDC1D9DDC460098A63E /* Info.plist */,
			);
			path = surveyUITests;
			sourceTree = "<group>";
		};
/* End PBXGroup section */

/* Begin PBXNativeTarget section */
		B129FEB61D9DDC460098A63E /* survey */ = {
			isa = PBXNativeTarget;
			buildConfigurationList = B129FEDF1D9DDC460098A63E /* Build configuration list for PBXNativeTarget "survey" */;
			buildPhases = (
				B129FEB31D9DDC460098A63E /* Sources */,
				B129FEB41D9DDC460098A63E /* Frameworks */,
				B129FEB51D9DDC460098A63E /* Resources */,
			);
			buildRules = (
			);
			dependencies = (
			);
			name = survey;
			productName = survey;
			productReference = B129FEB71D9DDC460098A63E /* survey.app */;
			productType = "com.apple.product-type.application";
		};
		B129FECA1D9DDC460098A63E /* surveyTests */ = {
			isa = PBXNativeTarget;
			buildConfigurationList = B129FEE21D9DDC460098A63E /* Build configuration list for PBXNativeTarget "surveyTests" */;
			buildPhases = (
				B129FEC71D9DDC460098A63E /* Sources */,
				B129FEC81D9DDC460098A63E /* Frameworks */,
				B129FEC91D9DDC460098A63E /* Resources */,
			);
			buildRules = (
			);
			dependencies = (
				B129FECD1D9DDC460098A63E /* PBXTargetDependency */,
			);
			name = surveyTests;
			productName = surveyTests;
			productReference = B129FECB1D9DDC460098A63E /* surveyTests.xctest */;
			productType = "com.apple.product-type.bundle.unit-test";
		};
		B129FED51D9DDC460098A63E /* surveyUITests */ = {
			isa = PBXNativeTarget;
			buildConfigurationList = B129FEE51D9DDC460098A63E /* Build configuration list for PBXNativeTarget "surveyUITests" */;
			buildPhases = (
				B129FED21D9DDC460098A63E /* Sources */,
				B129FED31D9DDC460098A63E /* Frameworks */,
				B129FED41D9DDC460098A63E /* Resources */,
			);
			buildRules = (
			);
			dependencies = (
				B129FED81D9DDC460098A63E /* PBXTargetDependency */,
			);
			name = surveyUITests;
			productName = surveyUITests;
			productReference = B129FED61D9DDC460098A63E /* surveyUITests.xctest */;
			productType = "com.apple.product-type.bundle.ui-testing";
		};
/* End PBXNativeTarget section */

/* Begin PBXProject section */
		B129FEAF1D9DDC460098A63E /* Project object */ = {
			isa = PBXProject;
			attributes = {
				LastSwiftUpdateCheck = 0730;
				LastUpgradeCheck = 0730;
				ORGANIZATIONNAME = "Joshua Robinson";
				TargetAttributes = {
					B129FEB61D9DDC460098A63E = {
						CreatedOnToolsVersion = 7.3.1;
					};
					B129FECA1D9DDC460098A63E = {
						CreatedOnToolsVersion = 7.3.1;
						TestTargetID = B129FEB61D9DDC460098A63E;
					};
					B129FED51D9DDC460098A63E = {
						CreatedOnToolsVersion = 7.3.1;
						TestTargetID = B129FEB61D9DDC460098A63E;
					};
				};
			};
			buildConfigurationList = B129FEB21D9DDC460098A63E /* Build configuration list for PBXProject "survey" */;
			compatibilityVersion = "Xcode 3.2";
			developmentRegion = English;
			hasScannedForEncodings = 0;
			knownRegions = (
				en,
				Base,
			);
			mainGroup = B129FEAE1D9DDC460098A63E;
			productRefGroup = B129FEB81D9DDC460098A63E /* Products */;
			projectDirPath = "";
			projectRoot = "";
			targets = (
				B129FEB61D9DDC460098A63E /* survey */,
				B129FECA1D9DDC460098A63E /* surveyTests */,
				B129FED51D9DDC460098A63E /* surveyUITests */,
			);
		};
/* End PBXProject section */

/* Begin PBXResourcesBuildPhase section */
		B129FEB51D9DDC460098A63E /* Resources */ = {
			isa = PBXResourcesBuildPhase;
			buildActionMask = 2147483647;
			files = (
				B129FEC51D9DDC460098A63E /* LaunchScreen.storyboard in Resources */,
				B129FEC21D9DDC460098A63E /* Assets.xcassets in Resources */,
				B129FEC01D9DDC460098A63E /* Main.storyboard in Resources */,
			);
			runOnlyForDeploymentPostprocessing = 0;
		};
		B129FEC91D9DDC460098A63E /* Resources */ = {
			isa = PBXResourcesBuildPhase;
			buildActionMask = 2147483647;
			files = (
			);
			runOnlyForDeploymentPostprocessing = 0;
		};
		B129FED41D9DDC460098A63E /* Resources */ = {
			isa = PBXResourcesBuildPhase;
			buildActionMask = 2147483647;
			files = (
			);
			runOnlyForDeploymentPostprocessing = 0;
		};
/* End PBXResourcesBuildPhase section */

/* Begin PBXSourcesBuildPhase section */
		B129FEB31D9DDC460098A63E /* Sources */ = {
			isa = PBXSourcesBuildPhase;
			buildActionMask = 2147483647;
			files = (
				B129FEBD1D9DDC460098A63E /* ViewController.swift in Sources */,
				B129FEBB1D9DDC460098A63E /* AppDelegate.swift in Sources */,
			);
			runOnlyForDeploymentPostprocessing = 0;
		};
		B129FEC71D9DDC460098A63E /* Sources */ = {
			isa = PBXSourcesBuildPhase;
			buildActionMask = 2147483647;
			files = (
				B129FED01D9DDC460098A63E /* surveyTests.swift in Sources */,
			);
			runOnlyForDeploymentPostprocessing = 0;
		};
		B129FED21D9DDC460098A63E /* Sources */ = {
			isa = PBXSourcesBuildPhase;
			buildActionMask = 2147483647;
			files = (
				B129FEDB1D9DDC460098A63E /* surveyUITests.swift in Sources */,
			);
			runOnlyForDeploymentPostprocessing = 0;
		};
/* End PBXSourcesBuildPhase section */

/* Begin PBXTargetDependency section */
		B129FECD1D9DDC460098A63E /* PBXTargetDependency */ = {
			isa = PBXTargetDependency;
			target = B129FEB61D9DDC460098A63E /* survey */;
			targetProxy = B129FECC1D9DDC460098A63E /* PBXContainerItemProxy */;
		};
		B129FED81D9DDC460098A63E /* PBXTargetDependency */ = {
			isa = PBXTargetDependency;
			target = B129FEB61D9DDC460098A63E /* survey */;
			targetProxy = B129FED71D9DDC460098A63E /* PBXContainerItemProxy */;
		};
/* End PBXTargetDependency section */

/* Begin PBXVariantGroup section */
		B129FEBE1D9DDC460098A63E /* Main.storyboard */ = {
			isa = PBXVariantGroup;
			children = (
				B129FEBF1D9DDC460098A63E /* Base */,
			);
			name = Main.storyboard;
			sourceTree = "<group>";
		};
		B129FEC31D9DDC460098A63E /* LaunchScreen.storyboard */ = {
			isa = PBXVariantGroup;
			children = (
				B129FEC41D9DDC460098A63E /* Base */,
			);
			name = LaunchScreen.storyboard;
			sourceTree = "<group>";
		};
/* End PBXVariantGroup section */

/* Begin XCBuildConfiguration section */
		B129FEDD1D9DDC460098A63E /* Debug */ = {
			isa = XCBuildConfiguration;
			buildSettings = {
				ALWAYS_SEARCH_USER_PATHS = NO;
				CLANG_ANALYZER_NONNULL = YES;
				CLANG_CXX_LANGUAGE_STANDARD = "gnu++0x";
				CLANG_CXX_LIBRARY = "libc++";
				CLANG_ENABLE_MODULES = YES;
				CLANG_ENABLE_OBJC_ARC = YES;
				CLANG_WARN_BOOL_CONVERSION = YES;
				CLANG_WARN_CONSTANT_CONVERSION = YES;
				CLANG_WARN_DIRECT_OBJC_ISA_USAGE = YES_ERROR;
				CLANG_WARN_EMPTY_BODY = YES;
				CLANG_WARN_ENUM_CONVERSION = YES;
				CLANG_WARN_INT_CONVERSION = YES;
				CLANG_WARN_OBJC_ROOT_CLASS = YES_ERROR;
				CLANG_WARN_UNREACHABLE_CODE = YES;
				CLANG_WARN__DUPLICATE_METHOD_MATCH = YES;
				"CODE_SIGN_IDENTITY[sdk=iphoneos*]" = "iPhone Developer";
				COPY_PHASE_STRIP = NO;
				DEBUG_INFORMATION_FORMAT = dwarf;
				ENABLE_STRICT_OBJC_MSGSEND = YES;
				ENABLE_TESTABILITY = YES;
				GCC_C_LANGUAGE_STANDARD = gnu99;
				GCC_DYNAMIC_NO_PIC = NO;
				GCC_NO_COMMON_BLOCKS = YES;
				GCC_OPTIMIZATION_LEVEL = 0;
				GCC_PREPROCESSOR_DEFINITIONS = (
					"DEBUG=1",
					"$(inherited)",
				);
				GCC_WARN_64_TO_32_BIT_CONVERSION = YES;
				GCC_WARN_ABOUT_RETURN_TYPE = YES_ERROR;
				GCC_WARN_UNDECLARED_SELECTOR = YES;
				GCC_WARN_UNINITIALIZED_AUTOS = YES_AGGRESSIVE;
				GCC_WARN_UNUSED_FUNCTION = YES;
				GCC_WARN_UNUSED_VARIABLE = YES;
				IPHONEOS_DEPLOYMENT_TARGET = 9.3;
				MTL_ENABLE_DEBUG_INFO = YES;
				ONLY_ACTIVE_ARCH = YES;
				SDKROOT = iphoneos;
				SWIFT_OPTIMIZATION_LEVEL = "-Onone";
				TARGETED_DEVICE_FAMILY = 2;
			};
			name = Debug;
		};
		B129FEDE1D9DDC460098A63E /* Release */ = {
			isa = XCBuildConfiguration;
			buildSettings = {
				ALWAYS_SEARCH_USER_PATHS = NO;
				CLANG_ANALYZER_NONNULL = YES;
				CLANG_CXX_LANGUAGE_STANDARD = "gnu++0x";
				CLANG_CXX_LIBRARY = "libc++";
				CLANG_ENABLE_MODULES = YES;
				CLANG_ENABLE_OBJC_ARC = YES;
				CLANG_WARN_BOOL_CONVERSION = YES;
				CLANG_WARN_CONSTANT_CONVERSION = YES;
				CLANG_WARN_DIRECT_OBJC_ISA_USAGE = YES_ERROR;
				CLANG_WARN_EMPTY_BODY = YES;
				CLANG_WARN_ENUM_CONVERSION = YES;
				CLANG_WARN_INT_CONVERSION = YES;
				CLANG_WARN_OBJC_ROOT_CLASS = YES_ERROR;
				CLANG_WARN_UNREACHABLE_CODE = YES;
				CLANG_WARN__DUPLICATE_METHOD_MATCH = YES;
				"CODE_SIGN_IDENTITY[sdk=iphoneos*]" = "iPhone Developer";
				COPY_PHASE_STRIP = NO;
				DEBUG_INFORMATION_FORMAT = "dwarf-with-dsym";
				ENABLE_NS_ASSERTIONS = NO;
				ENABLE_STRICT_OBJC_MSGSEND = YES;
				GCC_C_LANGUAGE_STANDARD = gnu99;
				GCC_NO_COMMON_BLOCKS = YES;
				GCC_WARN_64_TO_32_BIT_CONVERSION = YES;
				GCC_WARN_ABOUT_RETURN_TYPE = YES_ERROR;
				GCC_WARN_UNDECLARED_SELECTOR = YES;
				GCC_WARN_UNINITIALIZED_AUTOS = YES_AGGRESSIVE;
				GCC_WARN_UNUSED_FUNCTION = YES;
				GCC_WARN_UNUSED_VARIABLE = YES;
				IPHONEOS_DEPLOYMENT_TARGET = 9.3;
				MTL_ENABLE_DEBUG_INFO = NO;
				SDKROOT = iphoneos;
				TARGETED_DEVICE_FAMILY = 2;
				VALIDATE_PRODUCT = YES;
			};
			name = Release;
		};
		B129FEE01D9DDC460098A63E /* Debug */ = {
			isa = XCBuildConfiguration;
			buildSettings = {
				ASSETCATALOG_COMPILER_APPICON_NAME = AppIcon;
				CODE_SIGN_IDENTITY = "iPhone Developer";
				INFOPLIST_FILE = survey/Info.plist;
				LD_RUNPATH_SEARCH_PATHS = "$(inherited) @executable_path/Frameworks";
				PRODUCT_BUNDLE_IDENTIFIER = Adrenaline.survey;
				PRODUCT_NAME = "$(TARGET_NAME)";
			};
			name = Debug;
		};
		B129FEE11D9DDC460098A63E /* Release */ = {
			isa = XCBuildConfiguration;
			buildSettings = {
				ASSETCATALOG_COMPILER_APPICON_NAME = AppIcon;
				CODE_SIGN_IDENTITY = "iPhone Developer";
				INFOPLIST_FILE = survey/Info.plist;
				LD_RUNPATH_SEARCH_PATHS = "$(inherited) @executable_path/Frameworks";
				PRODUCT_BUNDLE_IDENTIFIER = Adrenaline.survey;
				PRODUCT_NAME = "$(TARGET_NAME)";
			};
			name = Release;
		};
		B129FEE31D9DDC460098A63E /* Debug */ = {
			isa = XCBuildConfiguration;
			buildSettings = {
				BUNDLE_LOADER = "$(TEST_HOST)";
				INFOPLIST_FILE = surveyTests/Info.plist;
				LD_RUNPATH_SEARCH_PATHS = "$(inherited) @executable_path/Frameworks @loader_path/Frameworks";
				PRODUCT_BUNDLE_IDENTIFIER = Adrenaline.surveyTests;
				PRODUCT_NAME = "$(TARGET_NAME)";
				TEST_HOST = "$(BUILT_PRODUCTS_DIR)/survey.app/survey";
			};
			name = Debug;
		};
		B129FEE41D9DDC460098A63E /* Release */ = {
			isa = XCBuildConfiguration;
			buildSettings = {
				BUNDLE_LOADER = "$(TEST_HOST)";
				INFOPLIST_FILE = surveyTests/Info.plist;
				LD_RUNPATH_SEARCH_PATHS = "$(inherited) @executable_path/Frameworks @loader_path/Frameworks";
				PRODUCT_BUNDLE_IDENTIFIER = Adrenaline.surveyTests;
				PRODUCT_NAME = "$(TARGET_NAME)";
				TEST_HOST = "$(BUILT_PRODUCTS_DIR)/survey.app/survey";
			};
			name = Release;
		};
		B129FEE61D9DDC460098A63E /* Debug */ = {
			isa = XCBuildConfiguration;
			buildSettings = {
				INFOPLIST_FILE = surveyUITests/Info.plist;
				LD_RUNPATH_SEARCH_PATHS = "$(inherited) @executable_path/Frameworks @loader_path/Frameworks";
				PRODUCT_BUNDLE_IDENTIFIER = Adrenaline.surveyUITests;
				PRODUCT_NAME = "$(TARGET_NAME)";
				TEST_TARGET_NAME = survey;
			};
			name = Debug;
		};
		B129FEE71D9DDC460098A63E /* Release */ = {
			isa = XCBuildConfiguration;
			buildSettings = {
				INFOPLIST_FILE = surveyUITests/Info.plist;
				LD_RUNPATH_SEARCH_PATHS = "$(inherited) @executable_path/Frameworks @loader_path/Frameworks";
				PRODUCT_BUNDLE_IDENTIFIER = Adrenaline.surveyUITests;
				PRODUCT_NAME = "$(TARGET_NAME)";
				TEST_TARGET_NAME = survey;
			};
			name = Release;
		};
/* End XCBuildConfiguration section */

/* Begin XCConfigurationList section */
		B129FEB21D9DDC460098A63E /* Build configuration list for PBXProject "survey" */ = {
			isa = XCConfigurationList;
			buildConfigurations = (
				B129FEDD1D9DDC460098A63E /* Debug */,
				B129FEDE1D9DDC460098A63E /* Release */,
			);
			defaultConfigurationIsVisible = 0;
			defaultConfigurationName = Release;
		};
		B129FEDF1D9DDC460098A63E /* Build configuration list for PBXNativeTarget "survey" */ = {
			isa = XCConfigurationList;
			buildConfigurations = (
				B129FEE01D9DDC460098A63E /* Debug */,
				B129FEE11D9DDC460098A63E /* Release */,
			);
			defaultConfigurationIsVisible = 0;
		};
		B129FEE21D9DDC460098A63E /* Build configuration list for PBXNativeTarget "surveyTests" */ = {
			isa = XCConfigurationList;
			buildConfigurations = (
				B129FEE31D9DDC460098A63E /* Debug */,
				B129FEE41D9DDC460098A63E /* Release */,
			);
			defaultConfigurationIsVisible = 0;
		};
		B129FEE51D9DDC460098A63E /* Build configuration list for PBXNativeTarget "surveyUITests" */ = {
			isa = XCConfigurationList;
			buildConfigurations = (
				B129FEE61D9DDC460098A63E /* Debug */,
				B129FEE71D9DDC460098A63E /* Release */,
			);
			defaultConfigurationIsVisible = 0;
		};
/* End XCConfigurationList section */
	};
	rootObject = B129FEAF1D9DDC460098A63E /* Project object */;
}
